
Microsoft Visual Studio Solution File, Format Version 12.00
# Visual Studio 15
VisualStudioVersion = 15.0.28307.1062
MinimumVisualStudioVersion = 10.0.40219.1
Project("{FAE04EC0-301F-11D3-BF4B-00C04F79EFBC}") = "GC23.Android", "GC23\GC23.Android\GC23.Android.csproj", "{ED3498EB-91D4-44AD-BAB3-7C6E6DA42333}"
EndProject
Project("{FAE04EC0-301F-11D3-BF4B-00C04F79EFBC}") = "GC23.iOS", "GC23\GC23.iOS\GC23.iOS.csproj", "{FDB3AACD-6204-4DE9-97A2-9D412E18D0DC}"
EndProject
Project("{FAE04EC0-301F-11D3-BF4B-00C04F79EFBC}") = "GC23", "GC23\GC23\GC23.csproj", "{D1715BD2-FF1C-444E-8B13-D87CAF46DAAE}"
EndProject
Global
	GlobalSection(SolutionConfigurationPlatforms) = preSolution
		Ad-Hoc|Any CPU = Ad-Hoc|Any CPU
		Ad-Hoc|iPhone = Ad-Hoc|iPhone
		Ad-Hoc|iPhoneSimulator = Ad-Hoc|iPhoneSimulator
		AppStore|Any CPU = AppStore|Any CPU
		AppStore|iPhone = AppStore|iPhone
		AppStore|iPhoneSimulator = AppStore|iPhoneSimulator
		Debug|Any CPU = Debug|Any CPU
		Debug|iPhone = Debug|iPhone
		Debug|iPhoneSimulator = Debug|iPhoneSimulator
		Release|Any CPU = Release|Any CPU
		Release|iPhone = Release|iPhone
		Release|iPhoneSimulator = Release|iPhoneSimulator
	EndGlobalSection
	GlobalSection(ProjectConfigurationPlatforms) = postSolution
		{ED3498EB-91D4-44AD-BAB3-7C6E6DA42333}.Ad-Hoc|Any CPU.ActiveCfg = Release|Any CPU
		{ED3498EB-91D4-44AD-BAB3-7C6E6DA42333}.Ad-Hoc|Any CPU.Build.0 = Release|Any CPU
		{ED3498EB-91D4-44AD-BAB3-7C6E6DA42333}.Ad-Hoc|Any CPU.Deploy.0 = Release|Any CPU
		{ED3498EB-91D4-44AD-BAB3-7C6E6DA42333}.Ad-Hoc|iPhone.ActiveCfg = Release|Any CPU
		{ED3498EB-91D4-44AD-BAB3-7C6E6DA42333}.Ad-Hoc|iPhone.Build.0 = Release|Any CPU
		{ED3498EB-91D4-44AD-BAB3-7C6E6DA42333}.Ad-Hoc|iPhone.Deploy.0 = Release|Any CPU
		{ED3498EB-91D4-44AD-BAB3-7C6E6DA42333}.Ad-Hoc|iPhoneSimulator.ActiveCfg = Release|Any CPU
		{ED3498EB-91D4-44AD-BAB3-7C6E6DA42333}.Ad-Hoc|iPhoneSimulator.Build.0 = Release|Any CPU
		{ED3498EB-91D4-44AD-BAB3-7C6E6DA42333}.Ad-Hoc|iPhoneSimulator.Deploy.0 = Release|Any CPU
		{ED3498EB-91D4-44AD-BAB3-7C6E6DA42333}.AppStore|Any CPU.ActiveCfg = Release|Any CPU
		{ED3498EB-91D4-44AD-BAB3-7C6E6DA42333}.AppStore|Any CPU.Build.0 = Release|Any CPU
		{ED3498EB-91D4-44AD-BAB3-7C6E6DA42333}.AppStore|Any CPU.Deploy.0 = Release|Any CPU
		{ED3498EB-91D4-44AD-BAB3-7C6E6DA42333}.AppStore|iPhone.ActiveCfg = Release|Any CPU
		{ED3498EB-91D4-44AD-BAB3-7C6E6DA42333}.AppStore|iPhone.Build.0 = Release|Any CPU
		{ED3498EB-91D4-44AD-BAB3-7C6E6DA42333}.AppStore|iPhone.Deploy.0 = Release|Any CPU
		{ED3498EB-91D4-44AD-BAB3-7C6E6DA42333}.AppStore|iPhoneSimulator.ActiveCfg = Release|Any CPU
		{ED3498EB-91D4-44AD-BAB3-7C6E6DA42333}.AppStore|iPhoneSimulator.Build.0 = Release|Any CPU
		{ED3498EB-91D4-44AD-BAB3-7C6E6DA42333}.AppStore|iPhoneSimulator.Deploy.0 = Release|Any CPU
		{ED3498EB-91D4-44AD-BAB3-7C6E6DA42333}.Debug|Any CPU.ActiveCfg = Debug|Any CPU
		{ED3498EB-91D4-44AD-BAB3-7C6E6DA42333}.Debug|Any CPU.Build.0 = Debug|Any CPU
		{ED3498EB-91D4-44AD-BAB3-7C6E6DA42333}.Debug|Any CPU.Deploy.0 = Debug|Any CPU
		{ED3498EB-91D4-44AD-BAB3-7C6E6DA42333}.Debug|iPhone.ActiveCfg = Debug|Any CPU
		{ED3498EB-91D4-44AD-BAB3-7C6E6DA42333}.Debug|iPhone.Build.0 = Debug|Any CPU
		{ED3498EB-91D4-44AD-BAB3-7C6E6DA42333}.Debug|iPhone.Deploy.0 = Debug|Any CPU
		{ED3498EB-91D4-44AD-BAB3-7C6E6DA42333}.Debug|iPhoneSimulator.ActiveCfg = Debug|Any CPU
		{ED3498EB-91D4-44AD-BAB3-7C6E6DA42333}.Debug|iPhoneSimulator.Build.0 = Debug|Any CPU
		{ED3498EB-91D4-44AD-BAB3-7C6E6DA42333}.Debug|iPhoneSimulator.Deploy.0 = Debug|Any CPU
		{ED3498EB-91D4-44AD-BAB3-7C6E6DA42333}.Release|Any CPU.ActiveCfg = Release|Any CPU
		{ED3498EB-91D4-44AD-BAB3-7C6E6DA42333}.Release|Any CPU.Build.0 = Release|Any CPU
		{ED3498EB-91D4-44AD-BAB3-7C6E6DA42333}.Release|Any CPU.Deploy.0 = Release|Any CPU
		{ED3498EB-91D4-44AD-BAB3-7C6E6DA42333}.Release|iPhone.ActiveCfg = Release|Any CPU
		{ED3498EB-91D4-44AD-BAB3-7C6E6DA42333}.Release|iPhone.Build.0 = Release|Any CPU
		{ED3498EB-91D4-44AD-BAB3-7C6E6DA42333}.Release|iPhone.Deploy.0 = Release|Any CPU
		{ED3498EB-91D4-44AD-BAB3-7C6E6DA42333}.Release|iPhoneSimulator.ActiveCfg = Release|Any CPU
		{ED3498EB-91D4-44AD-BAB3-7C6E6DA42333}.Release|iPhoneSimulator.Build.0 = Release|Any CPU
		{ED3498EB-91D4-44AD-BAB3-7C6E6DA42333}.Release|iPhoneSimulator.Deploy.0 = Release|Any CPU
		{FDB3AACD-6204-4DE9-97A2-9D412E18D0DC}.Ad-Hoc|Any CPU.ActiveCfg = Ad-Hoc|iPhone
		{FDB3AACD-6204-4DE9-97A2-9D412E18D0DC}.Ad-Hoc|Any CPU.Build.0 = Ad-Hoc|iPhone
		{FDB3AACD-6204-4DE9-97A2-9D412E18D0DC}.Ad-Hoc|Any CPU.Deploy.0 = Ad-Hoc|iPhone
		{FDB3AACD-6204-4DE9-97A2-9D412E18D0DC}.Ad-Hoc|iPhone.ActiveCfg = Ad-Hoc|iPhone
		{FDB3AACD-6204-4DE9-97A2-9D412E18D0DC}.Ad-Hoc|iPhone.Build.0 = Ad-Hoc|iPhone
		{FDB3AACD-6204-4DE9-97A2-9D412E18D0DC}.Ad-Hoc|iPhone.Deploy.0 = Ad-Hoc|iPhone
		{FDB3AACD-6204-4DE9-97A2-9D412E18D0DC}.Ad-Hoc|iPhoneSimulator.ActiveCfg = Ad-Hoc|iPhoneSimulator
		{FDB3AACD-6204-4DE9-97A2-9D412E18D0DC}.Ad-Hoc|iPhoneSimulator.Build.0 = Ad-Hoc|iPhoneSimulator
		{FDB3AACD-6204-4DE9-97A2-9D412E18D0DC}.Ad-Hoc|iPhoneSimulator.Deploy.0 = Ad-Hoc|iPhoneSimulator
		{FDB3AACD-6204-4DE9-97A2-9D412E18D0DC}.AppStore|Any CPU.ActiveCfg = AppStore|iPhone
		{FDB3AACD-6204-4DE9-97A2-9D412E18D0DC}.AppStore|Any CPU.Build.0 = AppStore|iPhone
		{FDB3AACD-6204-4DE9-97A2-9D412E18D0DC}.AppStore|Any CPU.Deploy.0 = AppStore|iPhone
		{FDB3AACD-6204-4DE9-97A2-9D412E18D0DC}.AppStore|iPhone.ActiveCfg = AppStore|iPhone
		{FDB3AACD-6204-4DE9-97A2-9D412E18D0DC}.AppStore|iPhone.Build.0 = AppStore|iPhone
		{FDB3AACD-6204-4DE9-97A2-9D412E18D0DC}.AppStore|iPhone.Deploy.0 = AppStore|iPhone
		{FDB3AACD-6204-4DE9-97A2-9D412E18D0DC}.AppStore|iPhoneSimulator.ActiveCfg = AppStore|iPhoneSimulator
		{FDB3AACD-6204-4DE9-97A2-9D412E18D0DC}.AppStore|iPhoneSimulator.Build.0 = AppStore|iPhoneSimulator
		{FDB3AACD-6204-4DE9-97A2-9D412E18D0DC}.AppStore|iPhoneSimulator.Deploy.0 = AppStore|iPhoneSimulator
		{FDB3AACD-6204-4DE9-97A2-9D412E18D0DC}.Debug|Any CPU.ActiveCfg = Debug|iPhoneSimulator
		{FDB3AACD-6204-4DE9-97A2-9D412E18D0DC}.Debug|Any CPU.Build.0 = Debug|iPhoneSimulator
		{FDB3AACD-6204-4DE9-97A2-9D412E18D0DC}.Debug|Any CPU.Deploy.0 = Debug|iPhoneSimulator
		{FDB3AACD-6204-4DE9-97A2-9D412E18D0DC}.Debug|iPhone.ActiveCfg = Debug|iPhone
		{FDB3AACD-6204-4DE9-97A2-9D412E18D0DC}.Debug|iPhone.Build.0 = Debug|iPhone
		{FDB3AACD-6204-4DE9-97A2-9D412E18D0DC}.Debug|iPhone.Deploy.0 = Debug|iPhone
		{FDB3AACD-6204-4DE9-97A2-9D412E18D0DC}.Debug|iPhoneSimulator.ActiveCfg = Debug|iPhoneSimulator
		{FDB3AACD-6204-4DE9-97A2-9D412E18D0DC}.Debug|iPhoneSimulator.Build.0 = Debug|iPhoneSimulator
		{FDB3AACD-6204-4DE9-97A2-9D412E18D0DC}.Debug|iPhoneSimulator.Deploy.0 = Debug|iPhoneSimulator
		{FDB3AACD-6204-4DE9-97A2-9D412E18D0DC}.Release|Any CPU.ActiveCfg = Release|iPhone
		{FDB3AACD-6204-4DE9-97A2-9D412E18D0DC}.Release|Any CPU.Build.0 = Release|iPhone
		{FDB3AACD-6204-4DE9-97A2-9D412E18D0DC}.Release|Any CPU.Deploy.0 = Release|iPhone
		{FDB3AACD-6204-4DE9-97A2-9D412E18D0DC}.Release|iPhone.ActiveCfg = Release|iPhone
		{FDB3AACD-6204-4DE9-97A2-9D412E18D0DC}.Release|iPhone.Build.0 = Release|iPhone
		{FDB3AACD-6204-4DE9-97A2-9D412E18D0DC}.Release|iPhone.Deploy.0 = Release|iPhone
		{FDB3AACD-6204-4DE9-97A2-9D412E18D0DC}.Release|iPhoneSimulator.ActiveCfg = Release|iPhoneSimulator
		{FDB3AACD-6204-4DE9-97A2-9D412E18D0DC}.Release|iPhoneSimulator.Build.0 = Release|iPhoneSimulator
		{FDB3AACD-6204-4DE9-97A2-9D412E18D0DC}.Release|iPhoneSimulator.Deploy.0 = Release|iPhoneSimulator
		{D1715BD2-FF1C-444E-8B13-D87CAF46DAAE}.Ad-Hoc|Any CPU.ActiveCfg = Debug|Any CPU
		{D1715BD2-FF1C-444E-8B13-D87CAF46DAAE}.Ad-Hoc|Any CPU.Build.0 = Debug|Any CPU
		{D1715BD2-FF1C-444E-8B13-D87CAF46DAAE}.Ad-Hoc|Any CPU.Deploy.0 = Debug|Any CPU
		{D1715BD2-FF1C-444E-8B13-D87CAF46DAAE}.Ad-Hoc|iPhone.ActiveCfg = Debug|Any CPU
		{D1715BD2-FF1C-444E-8B13-D87CAF46DAAE}.Ad-Hoc|iPhone.Build.0 = Debug|Any CPU
		{D1715BD2-FF1C-444E-8B13-D87CAF46DAAE}.Ad-Hoc|iPhone.Deploy.0 = Debug|Any CPU
		{D1715BD2-FF1C-444E-8B13-D87CAF46DAAE}.Ad-Hoc|iPhoneSimulator.ActiveCfg = Debug|Any CPU
		{D1715BD2-FF1C-444E-8B13-D87CAF46DAAE}.Ad-Hoc|iPhoneSimulator.Build.0 = Debug|Any CPU
		{D1715BD2-FF1C-444E-8B13-D87CAF46DAAE}.Ad-Hoc|iPhoneSimulator.Deploy.0 = Debug|Any CPU
		{D1715BD2-FF1C-444E-8B13-D87CAF46DAAE}.AppStore|Any CPU.ActiveCfg = Debug|Any CPU
		{D1715BD2-FF1C-444E-8B13-D87CAF46DAAE}.AppStore|Any CPU.Build.0 = Debug|Any CPU
		{D1715BD2-FF1C-444E-8B13-D87CAF46DAAE}.AppStore|Any CPU.Deploy.0 = Debug|Any CPU
		{D1715BD2-FF1C-444E-8B13-D87CAF46DAAE}.AppStore|iPhone.ActiveCfg = Debug|Any CPU
		{D1715BD2-FF1C-444E-8B13-D87CAF46DAAE}.AppStore|iPhone.Build.0 = Debug|Any CPU
		{D1715BD2-FF1C-444E-8B13-D87CAF46DAAE}.AppStore|iPhone.Deploy.0 = Debug|Any CPU
		{D1715BD2-FF1C-444E-8B13-D87CAF46DAAE}.AppStore|iPhoneSimulator.ActiveCfg = Debug|Any CPU
		{D1715BD2-FF1C-444E-8B13-D87CAF46DAAE}.AppStore|iPhoneSimulator.Build.0 = Debug|Any CPU
		{D1715BD2-FF1C-444E-8B13-D87CAF46DAAE}.AppStore|iPhoneSimulator.Deploy.0 = Debug|Any CPU
		{D1715BD2-FF1C-444E-8B13-D87CAF46DAAE}.Debug|Any CPU.ActiveCfg = Debug|Any CPU
		{D1715BD2-FF1C-444E-8B13-D87CAF46DAAE}.Debug|Any CPU.Build.0 = Debug|Any CPU
		{D1715BD2-FF1C-444E-8B13-D87CAF46DAAE}.Debug|Any CPU.Deploy.0 = Debug|Any CPU
		{D1715BD2-FF1C-444E-8B13-D87CAF46DAAE}.Debug|iPhone.ActiveCfg = Debug|Any CPU
		{D1715BD2-FF1C-444E-8B13-D87CAF46DAAE}.Debug|iPhone.Build.0 = Debug|Any CPU
		{D1715BD2-FF1C-444E-8B13-D87CAF46DAAE}.Debug|iPhone.Deploy.0 = Debug|Any CPU
		{D1715BD2-FF1C-444E-8B13-D87CAF46DAAE}.Debug|iPhoneSimulator.ActiveCfg = Debug|Any CPU
		{D1715BD2-FF1C-444E-8B13-D87CAF46DAAE}.Debug|iPhoneSimulator.Build.0 = Debug|Any CPU
		{D1715BD2-FF1C-444E-8B13-D87CAF46DAAE}.Debug|iPhoneSimulator.Deploy.0 = Debug|Any CPU
		{D1715BD2-FF1C-444E-8B13-D87CAF46DAAE}.Release|Any CPU.ActiveCfg = Release|Any CPU
		{D1715BD2-FF1C-444E-8B13-D87CAF46DAAE}.Release|Any CPU.Build.0 = Release|Any CPU
		{D1715BD2-FF1C-444E-8B13-D87CAF46DAAE}.Release|Any CPU.Deploy.0 = Release|Any CPU
		{D1715BD2-FF1C-444E-8B13-D87CAF46DAAE}.Release|iPhone.ActiveCfg = Release|Any CPU
		{D1715BD2-FF1C-444E-8B13-D87CAF46DAAE}.Release|iPhone.Build.0 = Release|Any CPU
		{D1715BD2-FF1C-444E-8B13-D87CAF46DAAE}.Release|iPhone.Deploy.0 = Release|Any CPU
		{D1715BD2-FF1C-444E-8B13-D87CAF46DAAE}.Release|iPhoneSimulator.ActiveCfg = Release|Any CPU
		{D1715BD2-FF1C-444E-8B13-D87CAF46DAAE}.Release|iPhoneSimulator.Build.0 = Release|Any CPU
		{D1715BD2-FF1C-444E-8B13-D87CAF46DAAE}.Release|iPhoneSimulator.Deploy.0 = Release|Any CPU
	EndGlobalSection
	GlobalSection(SolutionProperties) = preSolution
		HideSolutionNode = FALSE
	EndGlobalSection
	GlobalSection(ExtensibilityGlobals) = postSolution
		SolutionGuid = {AFE50FB5-4B1B-4549-9E0E-A0F6C1AD3489}
	EndGlobalSection
EndGlobal
