
Microsoft Visual Studio Solution File, Format Version 12.00
# Visual Studio 15
VisualStudioVersion = 15.0.28307.1267
MinimumVisualStudioVersion = 10.0.40219.1
Project("{FAE04EC0-301F-11D3-BF4B-00C04F79EFBC}") = "pruebas.Android", "pruebas\pruebas.Android\pruebas.Android.csproj", "{F1A30A9C-F3EA-474E-90AB-5F3F345C4666}"
EndProject
Project("{FAE04EC0-301F-11D3-BF4B-00C04F79EFBC}") = "pruebas.iOS", "pruebas\pruebas.iOS\pruebas.iOS.csproj", "{FC9DBA44-F5DE-4C3D-AAD8-4685D4C5F788}"
EndProject
Project("{FAE04EC0-301F-11D3-BF4B-00C04F79EFBC}") = "pruebas", "pruebas\pruebas\pruebas.csproj", "{D773667C-6950-400D-B2F1-6F6412CCD75F}"
EndProject
Global
	GlobalSection(SolutionConfigurationPlatforms) = preSolution
		Ad-Hoc|Any CPU = Ad-Hoc|Any CPU
		Ad-Hoc|iPhone = Ad-Hoc|iPhone
		Ad-Hoc|iPhoneSimulator = Ad-Hoc|iPhoneSimulator
		AppStore|Any CPU = AppStore|Any CPU
		AppStore|iPhone = AppStore|iPhone
		AppStore|iPhoneSimulator = AppStore|iPhoneSimulator
		Debug|Any CPU = Debug|Any CPU
		Debug|iPhone = Debug|iPhone
		Debug|iPhoneSimulator = Debug|iPhoneSimulator
		Release|Any CPU = Release|Any CPU
		Release|iPhone = Release|iPhone
		Release|iPhoneSimulator = Release|iPhoneSimulator
	EndGlobalSection
	GlobalSection(ProjectConfigurationPlatforms) = postSolution
		{F1A30A9C-F3EA-474E-90AB-5F3F345C4666}.Ad-Hoc|Any CPU.ActiveCfg = Release|Any CPU
		{F1A30A9C-F3EA-474E-90AB-5F3F345C4666}.Ad-Hoc|Any CPU.Build.0 = Release|Any CPU
		{F1A30A9C-F3EA-474E-90AB-5F3F345C4666}.Ad-Hoc|Any CPU.Deploy.0 = Release|Any CPU
		{F1A30A9C-F3EA-474E-90AB-5F3F345C4666}.Ad-Hoc|iPhone.ActiveCfg = Release|Any CPU
		{F1A30A9C-F3EA-474E-90AB-5F3F345C4666}.Ad-Hoc|iPhone.Build.0 = Release|Any CPU
		{F1A30A9C-F3EA-474E-90AB-5F3F345C4666}.Ad-Hoc|iPhone.Deploy.0 = Release|Any CPU
		{F1A30A9C-F3EA-474E-90AB-5F3F345C4666}.Ad-Hoc|iPhoneSimulator.ActiveCfg = Release|Any CPU
		{F1A30A9C-F3EA-474E-90AB-5F3F345C4666}.Ad-Hoc|iPhoneSimulator.Build.0 = Release|Any CPU
		{F1A30A9C-F3EA-474E-90AB-5F3F345C4666}.Ad-Hoc|iPhoneSimulator.Deploy.0 = Release|Any CPU
		{F1A30A9C-F3EA-474E-90AB-5F3F345C4666}.AppStore|Any CPU.ActiveCfg = Release|Any CPU
		{F1A30A9C-F3EA-474E-90AB-5F3F345C4666}.AppStore|Any CPU.Build.0 = Release|Any CPU
		{F1A30A9C-F3EA-474E-90AB-5F3F345C4666}.AppStore|Any CPU.Deploy.0 = Release|Any CPU
		{F1A30A9C-F3EA-474E-90AB-5F3F345C4666}.AppStore|iPhone.ActiveCfg = Release|Any CPU
		{F1A30A9C-F3EA-474E-90AB-5F3F345C4666}.AppStore|iPhone.Build.0 = Release|Any CPU
		{F1A30A9C-F3EA-474E-90AB-5F3F345C4666}.AppStore|iPhone.Deploy.0 = Release|Any CPU
		{F1A30A9C-F3EA-474E-90AB-5F3F345C4666}.AppStore|iPhoneSimulator.ActiveCfg = Release|Any CPU
		{F1A30A9C-F3EA-474E-90AB-5F3F345C4666}.AppStore|iPhoneSimulator.Build.0 = Release|Any CPU
		{F1A30A9C-F3EA-474E-90AB-5F3F345C4666}.AppStore|iPhoneSimulator.Deploy.0 = Release|Any CPU
		{F1A30A9C-F3EA-474E-90AB-5F3F345C4666}.Debug|Any CPU.ActiveCfg = Debug|Any CPU
		{F1A30A9C-F3EA-474E-90AB-5F3F345C4666}.Debug|Any CPU.Build.0 = Debug|Any CPU
		{F1A30A9C-F3EA-474E-90AB-5F3F345C4666}.Debug|Any CPU.Deploy.0 = Debug|Any CPU
		{F1A30A9C-F3EA-474E-90AB-5F3F345C4666}.Debug|iPhone.ActiveCfg = Debug|Any CPU
		{F1A30A9C-F3EA-474E-90AB-5F3F345C4666}.Debug|iPhone.Build.0 = Debug|Any CPU
		{F1A30A9C-F3EA-474E-90AB-5F3F345C4666}.Debug|iPhone.Deploy.0 = Debug|Any CPU
		{F1A30A9C-F3EA-474E-90AB-5F3F345C4666}.Debug|iPhoneSimulator.ActiveCfg = Debug|Any CPU
		{F1A30A9C-F3EA-474E-90AB-5F3F345C4666}.Debug|iPhoneSimulator.Build.0 = Debug|Any CPU
		{F1A30A9C-F3EA-474E-90AB-5F3F345C4666}.Debug|iPhoneSimulator.Deploy.0 = Debug|Any CPU
		{F1A30A9C-F3EA-474E-90AB-5F3F345C4666}.Release|Any CPU.ActiveCfg = Release|Any CPU
		{F1A30A9C-F3EA-474E-90AB-5F3F345C4666}.Release|Any CPU.Build.0 = Release|Any CPU
		{F1A30A9C-F3EA-474E-90AB-5F3F345C4666}.Release|Any CPU.Deploy.0 = Release|Any CPU
		{F1A30A9C-F3EA-474E-90AB-5F3F345C4666}.Release|iPhone.ActiveCfg = Release|Any CPU
		{F1A30A9C-F3EA-474E-90AB-5F3F345C4666}.Release|iPhone.Build.0 = Release|Any CPU
		{F1A30A9C-F3EA-474E-90AB-5F3F345C4666}.Release|iPhone.Deploy.0 = Release|Any CPU
		{F1A30A9C-F3EA-474E-90AB-5F3F345C4666}.Release|iPhoneSimulator.ActiveCfg = Release|Any CPU
		{F1A30A9C-F3EA-474E-90AB-5F3F345C4666}.Release|iPhoneSimulator.Build.0 = Release|Any CPU
		{F1A30A9C-F3EA-474E-90AB-5F3F345C4666}.Release|iPhoneSimulator.Deploy.0 = Release|Any CPU
		{FC9DBA44-F5DE-4C3D-AAD8-4685D4C5F788}.Ad-Hoc|Any CPU.ActiveCfg = Ad-Hoc|iPhone
		{FC9DBA44-F5DE-4C3D-AAD8-4685D4C5F788}.Ad-Hoc|Any CPU.Build.0 = Ad-Hoc|iPhone
		{FC9DBA44-F5DE-4C3D-AAD8-4685D4C5F788}.Ad-Hoc|Any CPU.Deploy.0 = Ad-Hoc|iPhone
		{FC9DBA44-F5DE-4C3D-AAD8-4685D4C5F788}.Ad-Hoc|iPhone.ActiveCfg = Ad-Hoc|iPhone
		{FC9DBA44-F5DE-4C3D-AAD8-4685D4C5F788}.Ad-Hoc|iPhone.Build.0 = Ad-Hoc|iPhone
		{FC9DBA44-F5DE-4C3D-AAD8-4685D4C5F788}.Ad-Hoc|iPhone.Deploy.0 = Ad-Hoc|iPhone
		{FC9DBA44-F5DE-4C3D-AAD8-4685D4C5F788}.Ad-Hoc|iPhoneSimulator.ActiveCfg = Ad-Hoc|iPhoneSimulator
		{FC9DBA44-F5DE-4C3D-AAD8-4685D4C5F788}.Ad-Hoc|iPhoneSimulator.Build.0 = Ad-Hoc|iPhoneSimulator
		{FC9DBA44-F5DE-4C3D-AAD8-4685D4C5F788}.Ad-Hoc|iPhoneSimulator.Deploy.0 = Ad-Hoc|iPhoneSimulator
		{FC9DBA44-F5DE-4C3D-AAD8-4685D4C5F788}.AppStore|Any CPU.ActiveCfg = AppStore|iPhone
		{FC9DBA44-F5DE-4C3D-AAD8-4685D4C5F788}.AppStore|Any CPU.Build.0 = AppStore|iPhone
		{FC9DBA44-F5DE-4C3D-AAD8-4685D4C5F788}.AppStore|Any CPU.Deploy.0 = AppStore|iPhone
		{FC9DBA44-F5DE-4C3D-AAD8-4685D4C5F788}.AppStore|iPhone.ActiveCfg = AppStore|iPhone
		{FC9DBA44-F5DE-4C3D-AAD8-4685D4C5F788}.AppStore|iPhone.Build.0 = AppStore|iPhone
		{FC9DBA44-F5DE-4C3D-AAD8-4685D4C5F788}.AppStore|iPhone.Deploy.0 = AppStore|iPhone
		{FC9DBA44-F5DE-4C3D-AAD8-4685D4C5F788}.AppStore|iPhoneSimulator.ActiveCfg = AppStore|iPhoneSimulator
		{FC9DBA44-F5DE-4C3D-AAD8-4685D4C5F788}.AppStore|iPhoneSimulator.Build.0 = AppStore|iPhoneSimulator
		{FC9DBA44-F5DE-4C3D-AAD8-4685D4C5F788}.AppStore|iPhoneSimulator.Deploy.0 = AppStore|iPhoneSimulator
		{FC9DBA44-F5DE-4C3D-AAD8-4685D4C5F788}.Debug|Any CPU.ActiveCfg = Debug|iPhoneSimulator
		{FC9DBA44-F5DE-4C3D-AAD8-4685D4C5F788}.Debug|Any CPU.Build.0 = Debug|iPhoneSimulator
		{FC9DBA44-F5DE-4C3D-AAD8-4685D4C5F788}.Debug|Any CPU.Deploy.0 = Debug|iPhoneSimulator
		{FC9DBA44-F5DE-4C3D-AAD8-4685D4C5F788}.Debug|iPhone.ActiveCfg = Debug|iPhone
		{FC9DBA44-F5DE-4C3D-AAD8-4685D4C5F788}.Debug|iPhone.Build.0 = Debug|iPhone
		{FC9DBA44-F5DE-4C3D-AAD8-4685D4C5F788}.Debug|iPhone.Deploy.0 = Debug|iPhone
		{FC9DBA44-F5DE-4C3D-AAD8-4685D4C5F788}.Debug|iPhoneSimulator.ActiveCfg = Debug|iPhoneSimulator
		{FC9DBA44-F5DE-4C3D-AAD8-4685D4C5F788}.Debug|iPhoneSimulator.Build.0 = Debug|iPhoneSimulator
		{FC9DBA44-F5DE-4C3D-AAD8-4685D4C5F788}.Debug|iPhoneSimulator.Deploy.0 = Debug|iPhoneSimulator
		{FC9DBA44-F5DE-4C3D-AAD8-4685D4C5F788}.Release|Any CPU.ActiveCfg = Release|iPhone
		{FC9DBA44-F5DE-4C3D-AAD8-4685D4C5F788}.Release|Any CPU.Build.0 = Release|iPhone
		{FC9DBA44-F5DE-4C3D-AAD8-4685D4C5F788}.Release|Any CPU.Deploy.0 = Release|iPhone
		{FC9DBA44-F5DE-4C3D-AAD8-4685D4C5F788}.Release|iPhone.ActiveCfg = Release|iPhone
		{FC9DBA44-F5DE-4C3D-AAD8-4685D4C5F788}.Release|iPhone.Build.0 = Release|iPhone
		{FC9DBA44-F5DE-4C3D-AAD8-4685D4C5F788}.Release|iPhone.Deploy.0 = Release|iPhone
		{FC9DBA44-F5DE-4C3D-AAD8-4685D4C5F788}.Release|iPhoneSimulator.ActiveCfg = Release|iPhoneSimulator
		{FC9DBA44-F5DE-4C3D-AAD8-4685D4C5F788}.Release|iPhoneSimulator.Build.0 = Release|iPhoneSimulator
		{FC9DBA44-F5DE-4C3D-AAD8-4685D4C5F788}.Release|iPhoneSimulator.Deploy.0 = Release|iPhoneSimulator
		{D773667C-6950-400D-B2F1-6F6412CCD75F}.Ad-Hoc|Any CPU.ActiveCfg = Debug|Any CPU
		{D773667C-6950-400D-B2F1-6F6412CCD75F}.Ad-Hoc|Any CPU.Build.0 = Debug|Any CPU
		{D773667C-6950-400D-B2F1-6F6412CCD75F}.Ad-Hoc|Any CPU.Deploy.0 = Debug|Any CPU
		{D773667C-6950-400D-B2F1-6F6412CCD75F}.Ad-Hoc|iPhone.ActiveCfg = Debug|Any CPU
		{D773667C-6950-400D-B2F1-6F6412CCD75F}.Ad-Hoc|iPhone.Build.0 = Debug|Any CPU
		{D773667C-6950-400D-B2F1-6F6412CCD75F}.Ad-Hoc|iPhone.Deploy.0 = Debug|Any CPU
		{D773667C-6950-400D-B2F1-6F6412CCD75F}.Ad-Hoc|iPhoneSimulator.ActiveCfg = Debug|Any CPU
		{D773667C-6950-400D-B2F1-6F6412CCD75F}.Ad-Hoc|iPhoneSimulator.Build.0 = Debug|Any CPU
		{D773667C-6950-400D-B2F1-6F6412CCD75F}.Ad-Hoc|iPhoneSimulator.Deploy.0 = Debug|Any CPU
		{D773667C-6950-400D-B2F1-6F6412CCD75F}.AppStore|Any CPU.ActiveCfg = Debug|Any CPU
		{D773667C-6950-400D-B2F1-6F6412CCD75F}.AppStore|Any CPU.Build.0 = Debug|Any CPU
		{D773667C-6950-400D-B2F1-6F6412CCD75F}.AppStore|Any CPU.Deploy.0 = Debug|Any CPU
		{D773667C-6950-400D-B2F1-6F6412CCD75F}.AppStore|iPhone.ActiveCfg = Debug|Any CPU
		{D773667C-6950-400D-B2F1-6F6412CCD75F}.AppStore|iPhone.Build.0 = Debug|Any CPU
		{D773667C-6950-400D-B2F1-6F6412CCD75F}.AppStore|iPhone.Deploy.0 = Debug|Any CPU
		{D773667C-6950-400D-B2F1-6F6412CCD75F}.AppStore|iPhoneSimulator.ActiveCfg = Debug|Any CPU
		{D773667C-6950-400D-B2F1-6F6412CCD75F}.AppStore|iPhoneSimulator.Build.0 = Debug|Any CPU
		{D773667C-6950-400D-B2F1-6F6412CCD75F}.AppStore|iPhoneSimulator.Deploy.0 = Debug|Any CPU
		{D773667C-6950-400D-B2F1-6F6412CCD75F}.Debug|Any CPU.ActiveCfg = Debug|Any CPU
		{D773667C-6950-400D-B2F1-6F6412CCD75F}.Debug|Any CPU.Build.0 = Debug|Any CPU
		{D773667C-6950-400D-B2F1-6F6412CCD75F}.Debug|Any CPU.Deploy.0 = Debug|Any CPU
		{D773667C-6950-400D-B2F1-6F6412CCD75F}.Debug|iPhone.ActiveCfg = Debug|Any CPU
		{D773667C-6950-400D-B2F1-6F6412CCD75F}.Debug|iPhone.Build.0 = Debug|Any CPU
		{D773667C-6950-400D-B2F1-6F6412CCD75F}.Debug|iPhone.Deploy.0 = Debug|Any CPU
		{D773667C-6950-400D-B2F1-6F6412CCD75F}.Debug|iPhoneSimulator.ActiveCfg = Debug|Any CPU
		{D773667C-6950-400D-B2F1-6F6412CCD75F}.Debug|iPhoneSimulator.Build.0 = Debug|Any CPU
		{D773667C-6950-400D-B2F1-6F6412CCD75F}.Debug|iPhoneSimulator.Deploy.0 = Debug|Any CPU
		{D773667C-6950-400D-B2F1-6F6412CCD75F}.Release|Any CPU.ActiveCfg = Release|Any CPU
		{D773667C-6950-400D-B2F1-6F6412CCD75F}.Release|Any CPU.Build.0 = Release|Any CPU
		{D773667C-6950-400D-B2F1-6F6412CCD75F}.Release|Any CPU.Deploy.0 = Release|Any CPU
		{D773667C-6950-400D-B2F1-6F6412CCD75F}.Release|iPhone.ActiveCfg = Release|Any CPU
		{D773667C-6950-400D-B2F1-6F6412CCD75F}.Release|iPhone.Build.0 = Release|Any CPU
		{D773667C-6950-400D-B2F1-6F6412CCD75F}.Release|iPhone.Deploy.0 = Release|Any CPU
		{D773667C-6950-400D-B2F1-6F6412CCD75F}.Release|iPhoneSimulator.ActiveCfg = Release|Any CPU
		{D773667C-6950-400D-B2F1-6F6412CCD75F}.Release|iPhoneSimulator.Build.0 = Release|Any CPU
		{D773667C-6950-400D-B2F1-6F6412CCD75F}.Release|iPhoneSimulator.Deploy.0 = Release|Any CPU
	EndGlobalSection
	GlobalSection(SolutionProperties) = preSolution
		HideSolutionNode = FALSE
	EndGlobalSection
	GlobalSection(ExtensibilityGlobals) = postSolution
		SolutionGuid = {2BF4B8E6-1109-4C6B-B509-21560D2AC6DD}
	EndGlobalSection
EndGlobal
